// !$*UTF8*$!
{
	archiveVersion = 1;
	classes = {
	};
	objectVersion = 50;
	objects = {

/* Begin PBXBuildFile section */
		401D139920BDCF830041989F /* ReviewViewCellModel.swift in Sources */ = {isa = PBXBuildFile; fileRef = 401D139820BDCF830041989F /* ReviewViewCellModel.swift */; };
		401D139C20BDD32D0041989F /* ReviewCollectionViewCell.swift in Sources */ = {isa = PBXBuildFile; fileRef = 401D139B20BDD32D0041989F /* ReviewCollectionViewCell.swift */; };
		4031899320BC93650003285C /* SearchViewController.swift in Sources */ = {isa = PBXBuildFile; fileRef = 4031899220BC93650003285C /* SearchViewController.swift */; };
		4031899520BC97460003285C /* SearchViewModel.swift in Sources */ = {isa = PBXBuildFile; fileRef = 4031899420BC97460003285C /* SearchViewModel.swift */; };
		405D254520BCC87A00C2CC36 /* SearchViewCell.swift in Sources */ = {isa = PBXBuildFile; fileRef = 405D254420BCC87A00C2CC36 /* SearchViewCell.swift */; };
		405D254C20BD269400C2CC36 /* PlaceMocked.json in Resources */ = {isa = PBXBuildFile; fileRef = 405D254B20BD269400C2CC36 /* PlaceMocked.json */; };
		405D254E20BD26EF00C2CC36 /* PlaceTests.swift in Sources */ = {isa = PBXBuildFile; fileRef = 405D254D20BD26EF00C2CC36 /* PlaceTests.swift */; };
		405D255020BD2B8F00C2CC36 /* DetailTests.swift in Sources */ = {isa = PBXBuildFile; fileRef = 405D254F20BD2B8F00C2CC36 /* DetailTests.swift */; };
		405D255220BD2BEE00C2CC36 /* MapViewModelTests.swift in Sources */ = {isa = PBXBuildFile; fileRef = 405D255120BD2BEE00C2CC36 /* MapViewModelTests.swift */; };
		405D255420BD2C0D00C2CC36 /* FilterViewModelTests.swift in Sources */ = {isa = PBXBuildFile; fileRef = 405D255320BD2C0D00C2CC36 /* FilterViewModelTests.swift */; };
		405D255620BD2C1F00C2CC36 /* SearchViewModelTests.swift in Sources */ = {isa = PBXBuildFile; fileRef = 405D255520BD2C1F00C2CC36 /* SearchViewModelTests.swift */; };
		4081F87020BE523F0037513A /* DetailViewCellModel.swift in Sources */ = {isa = PBXBuildFile; fileRef = 4081F86F20BE523F0037513A /* DetailViewCellModel.swift */; };
		4081F87220BE62F40037513A /* ReviewCollectionViewCellModel.swift in Sources */ = {isa = PBXBuildFile; fileRef = 4081F87120BE62F40037513A /* ReviewCollectionViewCellModel.swift */; };
		4081F87420BE86150037513A /* DetailViewModelTests.swift in Sources */ = {isa = PBXBuildFile; fileRef = 4081F87320BE86150037513A /* DetailViewModelTests.swift */; };
		4081F87620BE87970037513A /* ReviewViewCellModelTests.swift in Sources */ = {isa = PBXBuildFile; fileRef = 4081F87520BE87970037513A /* ReviewViewCellModelTests.swift */; };
		4081F87820BE8B080037513A /* DetailMocked.json in Resources */ = {isa = PBXBuildFile; fileRef = 4081F87720BE8B080037513A /* DetailMocked.json */; };
		408A0B0020BB638D00E15E85 /* MapViewModel.swift in Sources */ = {isa = PBXBuildFile; fileRef = 408A0AFF20BB638D00E15E85 /* MapViewModel.swift */; };
		408A0B0320BBB29800E15E85 /* FilterViewController.swift in Sources */ = {isa = PBXBuildFile; fileRef = 408A0B0220BBB29800E15E85 /* FilterViewController.swift */; };
		408A0B0520BBB2C800E15E85 /* FilterViewModel.swift in Sources */ = {isa = PBXBuildFile; fileRef = 408A0B0420BBB2C800E15E85 /* FilterViewModel.swift */; };
		408A0B0820BBB8D500E15E85 /* FilterViewCell.swift in Sources */ = {isa = PBXBuildFile; fileRef = 408A0B0720BBB8D500E15E85 /* FilterViewCell.swift */; };
		408A0B0E20BC469500E15E85 /* String+Extension.swift in Sources */ = {isa = PBXBuildFile; fileRef = 408A0B0D20BC469500E15E85 /* String+Extension.swift */; };
		40C0138920B8484C0057F256 /* AppDelegate.swift in Sources */ = {isa = PBXBuildFile; fileRef = 40C0138820B8484C0057F256 /* AppDelegate.swift */; };
		40C0138E20B8484C0057F256 /* Main.storyboard in Resources */ = {isa = PBXBuildFile; fileRef = 40C0138C20B8484C0057F256 /* Main.storyboard */; };
		40C0139020B8484F0057F256 /* Assets.xcassets in Resources */ = {isa = PBXBuildFile; fileRef = 40C0138F20B8484F0057F256 /* Assets.xcassets */; };
		40C0139320B8484F0057F256 /* LaunchScreen.storyboard in Resources */ = {isa = PBXBuildFile; fileRef = 40C0139120B8484F0057F256 /* LaunchScreen.storyboard */; };
		40C0139E20B848500057F256 /* Place_SearchTests.swift in Sources */ = {isa = PBXBuildFile; fileRef = 40C0139D20B848500057F256 /* Place_SearchTests.swift */; };
		40C013B120B84B0D0057F256 /* Error+Extension.swift in Sources */ = {isa = PBXBuildFile; fileRef = 40C013B020B84B0D0057F256 /* Error+Extension.swift */; };
		40C013B320B84B380057F256 /* UIViewController+Extension.swift in Sources */ = {isa = PBXBuildFile; fileRef = 40C013B220B84B380057F256 /* UIViewController+Extension.swift */; };
		40C013B520B84B620057F256 /* Array+Extension.swift in Sources */ = {isa = PBXBuildFile; fileRef = 40C013B420B84B620057F256 /* Array+Extension.swift */; };
		40C013B720B84B840057F256 /* Reachability.swift in Sources */ = {isa = PBXBuildFile; fileRef = 40C013B620B84B840057F256 /* Reachability.swift */; };
		40C013B920B84BB10057F256 /* BaseAPI.swift in Sources */ = {isa = PBXBuildFile; fileRef = 40C013B820B84BB10057F256 /* BaseAPI.swift */; };
		40C013BD20B84E130057F256 /* SearchRequest.swift in Sources */ = {isa = PBXBuildFile; fileRef = 40C013BC20B84E130057F256 /* SearchRequest.swift */; };
		40C013BF20B84E290057F256 /* DetailRequest.swift in Sources */ = {isa = PBXBuildFile; fileRef = 40C013BE20B84E290057F256 /* DetailRequest.swift */; };
		40C013C220B84E8B0057F256 /* Place.swift in Sources */ = {isa = PBXBuildFile; fileRef = 40C013C120B84E8B0057F256 /* Place.swift */; };
		40C013C420B84F370057F256 /* Detail.swift in Sources */ = {isa = PBXBuildFile; fileRef = 40C013C320B84F370057F256 /* Detail.swift */; };
		40C6D57E20B9A52300F23BA8 /* MapViewController.swift in Sources */ = {isa = PBXBuildFile; fileRef = 40C6D57D20B9A52300F23BA8 /* MapViewController.swift */; };
		40C6D58120B9A6BF00F23BA8 /* DetailViewController.swift in Sources */ = {isa = PBXBuildFile; fileRef = 40C6D58020B9A6BF00F23BA8 /* DetailViewController.swift */; };
		40C6D58820BAF6F100F23BA8 /* DetailViewModel.swift in Sources */ = {isa = PBXBuildFile; fileRef = 40C6D58720BAF6F100F23BA8 /* DetailViewModel.swift */; };
		40C6D58D20BB4B6D00F23BA8 /* DetailViewCell.swift in Sources */ = {isa = PBXBuildFile; fileRef = 40C6D58C20BB4B6D00F23BA8 /* DetailViewCell.swift */; };
		40C6D58F20BB4B9A00F23BA8 /* ReviewViewCell.swift in Sources */ = {isa = PBXBuildFile; fileRef = 40C6D58E20BB4B9A00F23BA8 /* ReviewViewCell.swift */; };
/* End PBXBuildFile section */

/* Begin PBXContainerItemProxy section */
		40C0139A20B848500057F256 /* PBXContainerItemProxy */ = {
			isa = PBXContainerItemProxy;
			containerPortal = 40C0137D20B8484B0057F256 /* Project object */;
			proxyType = 1;
			remoteGlobalIDString = 40C0138420B8484B0057F256;
			remoteInfo = "Place Search";
		};
/* End PBXContainerItemProxy section */

/* Begin PBXFileReference section */
		401D139820BDCF830041989F /* ReviewViewCellModel.swift */ = {isa = PBXFileReference; lastKnownFileType = sourcecode.swift; path = ReviewViewCellModel.swift; sourceTree = "<group>"; };
		401D139B20BDD32D0041989F /* ReviewCollectionViewCell.swift */ = {isa = PBXFileReference; lastKnownFileType = sourcecode.swift; path = ReviewCollectionViewCell.swift; sourceTree = "<group>"; };
		4031899220BC93650003285C /* SearchViewController.swift */ = {isa = PBXFileReference; lastKnownFileType = sourcecode.swift; path = SearchViewController.swift; sourceTree = "<group>"; };
		4031899420BC97460003285C /* SearchViewModel.swift */ = {isa = PBXFileReference; lastKnownFileType = sourcecode.swift; path = SearchViewModel.swift; sourceTree = "<group>"; };
		405D254420BCC87A00C2CC36 /* SearchViewCell.swift */ = {isa = PBXFileReference; lastKnownFileType = sourcecode.swift; path = SearchViewCell.swift; sourceTree = "<group>"; };
		405D254B20BD269400C2CC36 /* PlaceMocked.json */ = {isa = PBXFileReference; fileEncoding = 4; lastKnownFileType = text.json; path = PlaceMocked.json; sourceTree = "<group>"; };
		405D254D20BD26EF00C2CC36 /* PlaceTests.swift */ = {isa = PBXFileReference; lastKnownFileType = sourcecode.swift; path = PlaceTests.swift; sourceTree = "<group>"; };
		405D254F20BD2B8F00C2CC36 /* DetailTests.swift */ = {isa = PBXFileReference; lastKnownFileType = sourcecode.swift; path = DetailTests.swift; sourceTree = "<group>"; };
		405D255120BD2BEE00C2CC36 /* MapViewModelTests.swift */ = {isa = PBXFileReference; lastKnownFileType = sourcecode.swift; path = MapViewModelTests.swift; sourceTree = "<group>"; };
		405D255320BD2C0D00C2CC36 /* FilterViewModelTests.swift */ = {isa = PBXFileReference; lastKnownFileType = sourcecode.swift; path = FilterViewModelTests.swift; sourceTree = "<group>"; };
		405D255520BD2C1F00C2CC36 /* SearchViewModelTests.swift */ = {isa = PBXFileReference; lastKnownFileType = sourcecode.swift; path = SearchViewModelTests.swift; sourceTree = "<group>"; };
		4081F86F20BE523F0037513A /* DetailViewCellModel.swift */ = {isa = PBXFileReference; lastKnownFileType = sourcecode.swift; path = DetailViewCellModel.swift; sourceTree = "<group>"; };
		4081F87120BE62F40037513A /* ReviewCollectionViewCellModel.swift */ = {isa = PBXFileReference; lastKnownFileType = sourcecode.swift; path = ReviewCollectionViewCellModel.swift; sourceTree = "<group>"; };
		4081F87320BE86150037513A /* DetailViewModelTests.swift */ = {isa = PBXFileReference; lastKnownFileType = sourcecode.swift; path = DetailViewModelTests.swift; sourceTree = "<group>"; };
		4081F87520BE87970037513A /* ReviewViewCellModelTests.swift */ = {isa = PBXFileReference; lastKnownFileType = sourcecode.swift; path = ReviewViewCellModelTests.swift; sourceTree = "<group>"; };
		4081F87720BE8B080037513A /* DetailMocked.json */ = {isa = PBXFileReference; fileEncoding = 4; lastKnownFileType = text.json; path = DetailMocked.json; sourceTree = "<group>"; };
		408A0AFF20BB638D00E15E85 /* MapViewModel.swift */ = {isa = PBXFileReference; lastKnownFileType = sourcecode.swift; path = MapViewModel.swift; sourceTree = "<group>"; };
		408A0B0220BBB29800E15E85 /* FilterViewController.swift */ = {isa = PBXFileReference; lastKnownFileType = sourcecode.swift; path = FilterViewController.swift; sourceTree = "<group>"; };
		408A0B0420BBB2C800E15E85 /* FilterViewModel.swift */ = {isa = PBXFileReference; lastKnownFileType = sourcecode.swift; path = FilterViewModel.swift; sourceTree = "<group>"; };
		408A0B0720BBB8D500E15E85 /* FilterViewCell.swift */ = {isa = PBXFileReference; lastKnownFileType = sourcecode.swift; path = FilterViewCell.swift; sourceTree = "<group>"; };
		408A0B0D20BC469500E15E85 /* String+Extension.swift */ = {isa = PBXFileReference; lastKnownFileType = sourcecode.swift; path = "String+Extension.swift"; sourceTree = "<group>"; };
		40C0138520B8484B0057F256 /* Place Search.app */ = {isa = PBXFileReference; explicitFileType = wrapper.application; includeInIndex = 0; path = "Place Search.app"; sourceTree = BUILT_PRODUCTS_DIR; };
		40C0138820B8484C0057F256 /* AppDelegate.swift */ = {isa = PBXFileReference; lastKnownFileType = sourcecode.swift; path = AppDelegate.swift; sourceTree = "<group>"; };
		40C0138D20B8484C0057F256 /* Base */ = {isa = PBXFileReference; lastKnownFileType = file.storyboard; name = Base; path = Base.lproj/Main.storyboard; sourceTree = "<group>"; };
		40C0138F20B8484F0057F256 /* Assets.xcassets */ = {isa = PBXFileReference; lastKnownFileType = folder.assetcatalog; path = Assets.xcassets; sourceTree = "<group>"; };
		40C0139220B8484F0057F256 /* Base */ = {isa = PBXFileReference; lastKnownFileType = file.storyboard; name = Base; path = Base.lproj/LaunchScreen.storyboard; sourceTree = "<group>"; };
		40C0139420B8484F0057F256 /* Info.plist */ = {isa = PBXFileReference; lastKnownFileType = text.plist.xml; name = Info.plist; path = ../Info.plist; sourceTree = "<group>"; };
		40C0139920B848500057F256 /* Place SearchTests.xctest */ = {isa = PBXFileReference; explicitFileType = wrapper.cfbundle; includeInIndex = 0; path = "Place SearchTests.xctest"; sourceTree = BUILT_PRODUCTS_DIR; };
		40C0139D20B848500057F256 /* Place_SearchTests.swift */ = {isa = PBXFileReference; lastKnownFileType = sourcecode.swift; path = Place_SearchTests.swift; sourceTree = "<group>"; };
		40C0139F20B848500057F256 /* Info.plist */ = {isa = PBXFileReference; lastKnownFileType = text.plist.xml; path = Info.plist; sourceTree = "<group>"; };
		40C013B020B84B0D0057F256 /* Error+Extension.swift */ = {isa = PBXFileReference; lastKnownFileType = sourcecode.swift; path = "Error+Extension.swift"; sourceTree = "<group>"; };
		40C013B220B84B380057F256 /* UIViewController+Extension.swift */ = {isa = PBXFileReference; lastKnownFileType = sourcecode.swift; path = "UIViewController+Extension.swift"; sourceTree = "<group>"; };
		40C013B420B84B620057F256 /* Array+Extension.swift */ = {isa = PBXFileReference; lastKnownFileType = sourcecode.swift; path = "Array+Extension.swift"; sourceTree = "<group>"; };
		40C013B620B84B840057F256 /* Reachability.swift */ = {isa = PBXFileReference; lastKnownFileType = sourcecode.swift; path = Reachability.swift; sourceTree = "<group>"; };
		40C013B820B84BB10057F256 /* BaseAPI.swift */ = {isa = PBXFileReference; lastKnownFileType = sourcecode.swift; path = BaseAPI.swift; sourceTree = "<group>"; };
		40C013BC20B84E130057F256 /* SearchRequest.swift */ = {isa = PBXFileReference; lastKnownFileType = sourcecode.swift; path = SearchRequest.swift; sourceTree = "<group>"; };
		40C013BE20B84E290057F256 /* DetailRequest.swift */ = {isa = PBXFileReference; lastKnownFileType = sourcecode.swift; path = DetailRequest.swift; sourceTree = "<group>"; };
		40C013C120B84E8B0057F256 /* Place.swift */ = {isa = PBXFileReference; lastKnownFileType = sourcecode.swift; path = Place.swift; sourceTree = "<group>"; };
		40C013C320B84F370057F256 /* Detail.swift */ = {isa = PBXFileReference; lastKnownFileType = sourcecode.swift; path = Detail.swift; sourceTree = "<group>"; };
		40C6D57D20B9A52300F23BA8 /* MapViewController.swift */ = {isa = PBXFileReference; lastKnownFileType = sourcecode.swift; path = MapViewController.swift; sourceTree = "<group>"; };
		40C6D58020B9A6BF00F23BA8 /* DetailViewController.swift */ = {isa = PBXFileReference; lastKnownFileType = sourcecode.swift; path = DetailViewController.swift; sourceTree = "<group>"; };
		40C6D58720BAF6F100F23BA8 /* DetailViewModel.swift */ = {isa = PBXFileReference; lastKnownFileType = sourcecode.swift; path = DetailViewModel.swift; sourceTree = "<group>"; };
		40C6D58C20BB4B6D00F23BA8 /* DetailViewCell.swift */ = {isa = PBXFileReference; lastKnownFileType = sourcecode.swift; path = DetailViewCell.swift; sourceTree = "<group>"; };
		40C6D58E20BB4B9A00F23BA8 /* ReviewViewCell.swift */ = {isa = PBXFileReference; lastKnownFileType = sourcecode.swift; path = ReviewViewCell.swift; sourceTree = "<group>"; };
/* End PBXFileReference section */

/* Begin PBXFrameworksBuildPhase section */
		40C0138220B8484B0057F256 /* Frameworks */ = {
			isa = PBXFrameworksBuildPhase;
			buildActionMask = 2147483647;
			files = (
			);
			runOnlyForDeploymentPostprocessing = 0;
		};
		40C0139620B848500057F256 /* Frameworks */ = {
			isa = PBXFrameworksBuildPhase;
			buildActionMask = 2147483647;
			files = (
			);
			runOnlyForDeploymentPostprocessing = 0;
		};
/* End PBXFrameworksBuildPhase section */

/* Begin PBXGroup section */
		401D139720BDCF630041989F /* Review */ = {
			isa = PBXGroup;
			children = (
				40C6D58E20BB4B9A00F23BA8 /* ReviewViewCell.swift */,
				401D139820BDCF830041989F /* ReviewViewCellModel.swift */,
				401D139A20BDD3020041989F /* Components */,
			);
			path = Review;
			sourceTree = "<group>";
		};
		401D139A20BDD3020041989F /* Components */ = {
			isa = PBXGroup;
			children = (
				401D139B20BDD32D0041989F /* ReviewCollectionViewCell.swift */,
				4081F87120BE62F40037513A /* ReviewCollectionViewCellModel.swift */,
			);
			path = Components;
			sourceTree = "<group>";
		};
		4031899120BC934A0003285C /* Search */ = {
			isa = PBXGroup;
			children = (
				4031899220BC93650003285C /* SearchViewController.swift */,
				4031899420BC97460003285C /* SearchViewModel.swift */,
				405D254320BCC85200C2CC36 /* Components */,
			);
			path = Search;
			sourceTree = "<group>";
		};
		405D254320BCC85200C2CC36 /* Components */ = {
			isa = PBXGroup;
			children = (
				405D254420BCC87A00C2CC36 /* SearchViewCell.swift */,
			);
			path = Components;
			sourceTree = "<group>";
		};
		405D254820BD255100C2CC36 /* ViewModel */ = {
			isa = PBXGroup;
			children = (
				405D255120BD2BEE00C2CC36 /* MapViewModelTests.swift */,
				405D255320BD2C0D00C2CC36 /* FilterViewModelTests.swift */,
				405D255520BD2C1F00C2CC36 /* SearchViewModelTests.swift */,
				4081F87320BE86150037513A /* DetailViewModelTests.swift */,
				4081F87520BE87970037513A /* ReviewViewCellModelTests.swift */,
			);
			path = ViewModel;
			sourceTree = "<group>";
		};
		405D254920BD25C200C2CC36 /* Model */ = {
			isa = PBXGroup;
			children = (
				405D254D20BD26EF00C2CC36 /* PlaceTests.swift */,
				405D254F20BD2B8F00C2CC36 /* DetailTests.swift */,
			);
			path = Model;
			sourceTree = "<group>";
		};
		405D254A20BD266900C2CC36 /* json mocket */ = {
			isa = PBXGroup;
			children = (
				4081F87720BE8B080037513A /* DetailMocked.json */,
				405D254B20BD269400C2CC36 /* PlaceMocked.json */,
			);
			path = "json mocket";
			sourceTree = "<group>";
		};
		4081F86E20BE521E0037513A /* Detail */ = {
			isa = PBXGroup;
			children = (
				40C6D58C20BB4B6D00F23BA8 /* DetailViewCell.swift */,
				4081F86F20BE523F0037513A /* DetailViewCellModel.swift */,
			);
			path = Detail;
			sourceTree = "<group>";
		};
		408A0B0120BBB27800E15E85 /* Filter */ = {
			isa = PBXGroup;
			children = (
				408A0B0220BBB29800E15E85 /* FilterViewController.swift */,
				408A0B0420BBB2C800E15E85 /* FilterViewModel.swift */,
				408A0B0620BBB89900E15E85 /* Components */,
			);
			path = Filter;
			sourceTree = "<group>";
		};
		408A0B0620BBB89900E15E85 /* Components */ = {
			isa = PBXGroup;
			children = (
				408A0B0720BBB8D500E15E85 /* FilterViewCell.swift */,
			);
			path = Components;
			sourceTree = "<group>";
		};
		40C0137C20B8484B0057F256 = {
			isa = PBXGroup;
			children = (
				40C0138720B8484B0057F256 /* Place Search */,
				40C0139C20B848500057F256 /* Place SearchTests */,
				40C0138620B8484B0057F256 /* Products */,
			);
			sourceTree = "<group>";
		};
		40C0138620B8484B0057F256 /* Products */ = {
			isa = PBXGroup;
			children = (
				40C0138520B8484B0057F256 /* Place Search.app */,
				40C0139920B848500057F256 /* Place SearchTests.xctest */,
			);
			name = Products;
			sourceTree = "<group>";
		};
		40C0138720B8484B0057F256 /* Place Search */ = {
			isa = PBXGroup;
			children = (
				40C013AA20B8486C0057F256 /* AppDelegate */,
				40C013A920B848690057F256 /* Base */,
				40C013A820B848660057F256 /* Other Files */,
			);
			path = "Place Search";
			sourceTree = "<group>";
		};
		40C0139C20B848500057F256 /* Place SearchTests */ = {
			isa = PBXGroup;
			children = (
				405D254920BD25C200C2CC36 /* Model */,
				405D254820BD255100C2CC36 /* ViewModel */,
				40C0139D20B848500057F256 /* Place_SearchTests.swift */,
				40C0139F20B848500057F256 /* Info.plist */,
			);
			path = "Place SearchTests";
			sourceTree = "<group>";
		};
		40C013A820B848660057F256 /* Other Files */ = {
			isa = PBXGroup;
			children = (
				405D254A20BD266900C2CC36 /* json mocket */,
				40C013AF20B848C10057F256 /* Extensions */,
				40C0139420B8484F0057F256 /* Info.plist */,
				40C0138F20B8484F0057F256 /* Assets.xcassets */,
				40C013B620B84B840057F256 /* Reachability.swift */,
			);
			path = "Other Files";
			sourceTree = "<group>";
		};
		40C013A920B848690057F256 /* Base */ = {
			isa = PBXGroup;
			children = (
				40C013AE20B8489A0057F256 /* Networking */,
				40C013AD20B848970057F256 /* Storyboard */,
				40C013AC20B848920057F256 /* Controller */,
				40C013AB20B8488C0057F256 /* Model */,
			);
			path = Base;
			sourceTree = "<group>";
		};
		40C013AA20B8486C0057F256 /* AppDelegate */ = {
			isa = PBXGroup;
			children = (
				40C0138820B8484C0057F256 /* AppDelegate.swift */,
			);
			path = AppDelegate;
			sourceTree = "<group>";
		};
		40C013AB20B8488C0057F256 /* Model */ = {
			isa = PBXGroup;
			children = (
				40C013C120B84E8B0057F256 /* Place.swift */,
				40C013C320B84F370057F256 /* Detail.swift */,
			);
			path = Model;
			sourceTree = "<group>";
		};
		40C013AC20B848920057F256 /* Controller */ = {
			isa = PBXGroup;
			children = (
				40C6D57C20B9A50A00F23BA8 /* Map */,
				4031899120BC934A0003285C /* Search */,
				408A0B0120BBB27800E15E85 /* Filter */,
				40C6D57F20B9A6B100F23BA8 /* Detail */,
			);
			path = Controller;
			sourceTree = "<group>";
		};
		40C013AD20B848970057F256 /* Storyboard */ = {
			isa = PBXGroup;
			children = (
				40C0138C20B8484C0057F256 /* Main.storyboard */,
				40C0139120B8484F0057F256 /* LaunchScreen.storyboard */,
			);
			path = Storyboard;
			sourceTree = "<group>";
		};
		40C013AE20B8489A0057F256 /* Networking */ = {
			isa = PBXGroup;
			children = (
				40C013B820B84BB10057F256 /* BaseAPI.swift */,
				40C013BB20B84D7C0057F256 /* SearchRequest */,
				40C013BA20B84D790057F256 /* DetailRequest */,
			);
			path = Networking;
			sourceTree = "<group>";
		};
		40C013AF20B848C10057F256 /* Extensions */ = {
			isa = PBXGroup;
			children = (
				40C013B020B84B0D0057F256 /* Error+Extension.swift */,
				40C013B220B84B380057F256 /* UIViewController+Extension.swift */,
				40C013B420B84B620057F256 /* Array+Extension.swift */,
				408A0B0D20BC469500E15E85 /* String+Extension.swift */,
			);
			path = Extensions;
			sourceTree = "<group>";
		};
		40C013BA20B84D790057F256 /* DetailRequest */ = {
			isa = PBXGroup;
			children = (
				40C013BE20B84E290057F256 /* DetailRequest.swift */,
			);
			path = DetailRequest;
			sourceTree = "<group>";
		};
		40C013BB20B84D7C0057F256 /* SearchRequest */ = {
			isa = PBXGroup;
			children = (
				40C013BC20B84E130057F256 /* SearchRequest.swift */,
			);
			path = SearchRequest;
			sourceTree = "<group>";
		};
		40C6D57C20B9A50A00F23BA8 /* Map */ = {
			isa = PBXGroup;
			children = (
				40C6D57D20B9A52300F23BA8 /* MapViewController.swift */,
				408A0AFF20BB638D00E15E85 /* MapViewModel.swift */,
			);
			path = Map;
			sourceTree = "<group>";
		};
		40C6D57F20B9A6B100F23BA8 /* Detail */ = {
			isa = PBXGroup;
			children = (
				40C6D58020B9A6BF00F23BA8 /* DetailViewController.swift */,
				40C6D58720BAF6F100F23BA8 /* DetailViewModel.swift */,
				40C6D58920BB4B1100F23BA8 /* Components */,
			);
			path = Detail;
			sourceTree = "<group>";
		};
		40C6D58920BB4B1100F23BA8 /* Components */ = {
			isa = PBXGroup;
			children = (
				4081F86E20BE521E0037513A /* Detail */,
				401D139720BDCF630041989F /* Review */,
			);
			path = Components;
			sourceTree = "<group>";
		};
/* End PBXGroup section */

/* Begin PBXNativeTarget section */
		40C0138420B8484B0057F256 /* Place Search */ = {
			isa = PBXNativeTarget;
			buildConfigurationList = 40C013A220B848500057F256 /* Build configuration list for PBXNativeTarget "Place Search" */;
			buildPhases = (
				40C0138120B8484B0057F256 /* Sources */,
				40C0138220B8484B0057F256 /* Frameworks */,
				40C0138320B8484B0057F256 /* Resources */,
			);
			buildRules = (
			);
			dependencies = (
			);
			name = "Place Search";
			productName = "Place Search";
			productReference = 40C0138520B8484B0057F256 /* Place Search.app */;
			productType = "com.apple.product-type.application";
		};
		40C0139820B848500057F256 /* Place SearchTests */ = {
			isa = PBXNativeTarget;
			buildConfigurationList = 40C013A520B848500057F256 /* Build configuration list for PBXNativeTarget "Place SearchTests" */;
			buildPhases = (
				40C0139520B848500057F256 /* Sources */,
				40C0139620B848500057F256 /* Frameworks */,
				40C0139720B848500057F256 /* Resources */,
			);
			buildRules = (
			);
			dependencies = (
				40C0139B20B848500057F256 /* PBXTargetDependency */,
			);
			name = "Place SearchTests";
			productName = "Place SearchTests";
			productReference = 40C0139920B848500057F256 /* Place SearchTests.xctest */;
			productType = "com.apple.product-type.bundle.unit-test";
		};
/* End PBXNativeTarget section */

/* Begin PBXProject section */
		40C0137D20B8484B0057F256 /* Project object */ = {
			isa = PBXProject;
			attributes = {
				LastSwiftUpdateCheck = 0930;
				LastUpgradeCheck = 0930;
				ORGANIZATIONNAME = "Everson Trindade";
				TargetAttributes = {
					40C0138420B8484B0057F256 = {
						CreatedOnToolsVersion = 9.3.1;
					};
					40C0139820B848500057F256 = {
						CreatedOnToolsVersion = 9.3.1;
						TestTargetID = 40C0138420B8484B0057F256;
					};
				};
			};
			buildConfigurationList = 40C0138020B8484B0057F256 /* Build configuration list for PBXProject "Place Search" */;
			compatibilityVersion = "Xcode 9.3";
			developmentRegion = en;
			hasScannedForEncodings = 0;
			knownRegions = (
				en,
				Base,
			);
			mainGroup = 40C0137C20B8484B0057F256;
			productRefGroup = 40C0138620B8484B0057F256 /* Products */;
			projectDirPath = "";
			projectRoot = "";
			targets = (
				40C0138420B8484B0057F256 /* Place Search */,
				40C0139820B848500057F256 /* Place SearchTests */,
			);
		};
/* End PBXProject section */

/* Begin PBXResourcesBuildPhase section */
		40C0138320B8484B0057F256 /* Resources */ = {
			isa = PBXResourcesBuildPhase;
			buildActionMask = 2147483647;
			files = (
				405D254C20BD269400C2CC36 /* PlaceMocked.json in Resources */,
				40C0139320B8484F0057F256 /* LaunchScreen.storyboard in Resources */,
				4081F87820BE8B080037513A /* DetailMocked.json in Resources */,
				40C0139020B8484F0057F256 /* Assets.xcassets in Resources */,
				40C0138E20B8484C0057F256 /* Main.storyboard in Resources */,
			);
			runOnlyForDeploymentPostprocessing = 0;
		};
		40C0139720B848500057F256 /* Resources */ = {
			isa = PBXResourcesBuildPhase;
			buildActionMask = 2147483647;
			files = (
			);
			runOnlyForDeploymentPostprocessing = 0;
		};
/* End PBXResourcesBuildPhase section */

/* Begin PBXSourcesBuildPhase section */
		40C0138120B8484B0057F256 /* Sources */ = {
			isa = PBXSourcesBuildPhase;
			buildActionMask = 2147483647;
			files = (
				408A0B0820BBB8D500E15E85 /* FilterViewCell.swift in Sources */,
				40C6D58820BAF6F100F23BA8 /* DetailViewModel.swift in Sources */,
				40C6D58F20BB4B9A00F23BA8 /* ReviewViewCell.swift in Sources */,
				40C013B320B84B380057F256 /* UIViewController+Extension.swift in Sources */,
				40C013B120B84B0D0057F256 /* Error+Extension.swift in Sources */,
				401D139920BDCF830041989F /* ReviewViewCellModel.swift in Sources */,
				40C013BF20B84E290057F256 /* DetailRequest.swift in Sources */,
				40C0138920B8484C0057F256 /* AppDelegate.swift in Sources */,
				405D254520BCC87A00C2CC36 /* SearchViewCell.swift in Sources */,
				4031899320BC93650003285C /* SearchViewController.swift in Sources */,
				408A0B0E20BC469500E15E85 /* String+Extension.swift in Sources */,
				40C013B920B84BB10057F256 /* BaseAPI.swift in Sources */,
				40C6D57E20B9A52300F23BA8 /* MapViewController.swift in Sources */,
				40C013BD20B84E130057F256 /* SearchRequest.swift in Sources */,
				40C013C420B84F370057F256 /* Detail.swift in Sources */,
				4081F87020BE523F0037513A /* DetailViewCellModel.swift in Sources */,
				4081F87220BE62F40037513A /* ReviewCollectionViewCellModel.swift in Sources */,
				408A0B0020BB638D00E15E85 /* MapViewModel.swift in Sources */,
				40C013C220B84E8B0057F256 /* Place.swift in Sources */,
				408A0B0520BBB2C800E15E85 /* FilterViewModel.swift in Sources */,
				40C013B720B84B840057F256 /* Reachability.swift in Sources */,
				408A0B0320BBB29800E15E85 /* FilterViewController.swift in Sources */,
				40C013B520B84B620057F256 /* Array+Extension.swift in Sources */,
				4031899520BC97460003285C /* SearchViewModel.swift in Sources */,
				40C6D58D20BB4B6D00F23BA8 /* DetailViewCell.swift in Sources */,
				401D139C20BDD32D0041989F /* ReviewCollectionViewCell.swift in Sources */,
				40C6D58120B9A6BF00F23BA8 /* DetailViewController.swift in Sources */,
			);
			runOnlyForDeploymentPostprocessing = 0;
		};
		40C0139520B848500057F256 /* Sources */ = {
			isa = PBXSourcesBuildPhase;
			buildActionMask = 2147483647;
			files = (
				40C0139E20B848500057F256 /* Place_SearchTests.swift in Sources */,
				405D255020BD2B8F00C2CC36 /* DetailTests.swift in Sources */,
				4081F87620BE87970037513A /* ReviewViewCellModelTests.swift in Sources */,
				405D255620BD2C1F00C2CC36 /* SearchViewModelTests.swift in Sources */,
				4081F87420BE86150037513A /* DetailViewModelTests.swift in Sources */,
				405D254E20BD26EF00C2CC36 /* PlaceTests.swift in Sources */,
				405D255420BD2C0D00C2CC36 /* FilterViewModelTests.swift in Sources */,
				405D255220BD2BEE00C2CC36 /* MapViewModelTests.swift in Sources */,
			);
			runOnlyForDeploymentPostprocessing = 0;
		};
/* End PBXSourcesBuildPhase section */

/* Begin PBXTargetDependency section */
		40C0139B20B848500057F256 /* PBXTargetDependency */ = {
			isa = PBXTargetDependency;
			target = 40C0138420B8484B0057F256 /* Place Search */;
			targetProxy = 40C0139A20B848500057F256 /* PBXContainerItemProxy */;
		};
/* End PBXTargetDependency section */

/* Begin PBXVariantGroup section */
		40C0138C20B8484C0057F256 /* Main.storyboard */ = {
			isa = PBXVariantGroup;
			children = (
				40C0138D20B8484C0057F256 /* Base */,
			);
			name = Main.storyboard;
			sourceTree = "<group>";
		};
		40C0139120B8484F0057F256 /* LaunchScreen.storyboard */ = {
			isa = PBXVariantGroup;
			children = (
				40C0139220B8484F0057F256 /* Base */,
			);
			name = LaunchScreen.storyboard;
			sourceTree = "<group>";
		};
/* End PBXVariantGroup section */

/* Begin XCBuildConfiguration section */
		40C013A020B848500057F256 /* Debug */ = {
			isa = XCBuildConfiguration;
			buildSettings = {
				ALWAYS_SEARCH_USER_PATHS = NO;
				CLANG_ANALYZER_NONNULL = YES;
				CLANG_ANALYZER_NUMBER_OBJECT_CONVERSION = YES_AGGRESSIVE;
				CLANG_CXX_LANGUAGE_STANDARD = "gnu++14";
				CLANG_CXX_LIBRARY = "libc++";
				CLANG_ENABLE_MODULES = YES;
				CLANG_ENABLE_OBJC_ARC = YES;
				CLANG_ENABLE_OBJC_WEAK = YES;
				CLANG_WARN_BLOCK_CAPTURE_AUTORELEASING = YES;
				CLANG_WARN_BOOL_CONVERSION = YES;
				CLANG_WARN_COMMA = YES;
				CLANG_WARN_CONSTANT_CONVERSION = YES;
				CLANG_WARN_DEPRECATED_OBJC_IMPLEMENTATIONS = YES;
				CLANG_WARN_DIRECT_OBJC_ISA_USAGE = YES_ERROR;
				CLANG_WARN_DOCUMENTATION_COMMENTS = YES;
				CLANG_WARN_EMPTY_BODY = YES;
				CLANG_WARN_ENUM_CONVERSION = YES;
				CLANG_WARN_INFINITE_RECURSION = YES;
				CLANG_WARN_INT_CONVERSION = YES;
				CLANG_WARN_NON_LITERAL_NULL_CONVERSION = YES;
				CLANG_WARN_OBJC_IMPLICIT_RETAIN_SELF = YES;
				CLANG_WARN_OBJC_LITERAL_CONVERSION = YES;
				CLANG_WARN_OBJC_ROOT_CLASS = YES_ERROR;
				CLANG_WARN_RANGE_LOOP_ANALYSIS = YES;
				CLANG_WARN_STRICT_PROTOTYPES = YES;
				CLANG_WARN_SUSPICIOUS_MOVE = YES;
				CLANG_WARN_UNGUARDED_AVAILABILITY = YES_AGGRESSIVE;
				CLANG_WARN_UNREACHABLE_CODE = YES;
				CLANG_WARN__DUPLICATE_METHOD_MATCH = YES;
				CODE_SIGN_IDENTITY = "iPhone Developer";
				COPY_PHASE_STRIP = NO;
				DEBUG_INFORMATION_FORMAT = dwarf;
				ENABLE_STRICT_OBJC_MSGSEND = YES;
				ENABLE_TESTABILITY = YES;
				GCC_C_LANGUAGE_STANDARD = gnu11;
				GCC_DYNAMIC_NO_PIC = NO;
				GCC_NO_COMMON_BLOCKS = YES;
				GCC_OPTIMIZATION_LEVEL = 0;
				GCC_PREPROCESSOR_DEFINITIONS = (
					"DEBUG=1",
					"$(inherited)",
				);
				GCC_WARN_64_TO_32_BIT_CONVERSION = YES;
				GCC_WARN_ABOUT_RETURN_TYPE = YES_ERROR;
				GCC_WARN_UNDECLARED_SELECTOR = YES;
				GCC_WARN_UNINITIALIZED_AUTOS = YES_AGGRESSIVE;
				GCC_WARN_UNUSED_FUNCTION = YES;
				GCC_WARN_UNUSED_VARIABLE = YES;
				IPHONEOS_DEPLOYMENT_TARGET = 11.3;
				MTL_ENABLE_DEBUG_INFO = YES;
				ONLY_ACTIVE_ARCH = YES;
				SDKROOT = iphoneos;
				SWIFT_ACTIVE_COMPILATION_CONDITIONS = DEBUG;
				SWIFT_OPTIMIZATION_LEVEL = "-Onone";
			};
			name = Debug;
		};
		40C013A120B848500057F256 /* Release */ = {
			isa = XCBuildConfiguration;
			buildSettings = {
				ALWAYS_SEARCH_USER_PATHS = NO;
				CLANG_ANALYZER_NONNULL = YES;
				CLANG_ANALYZER_NUMBER_OBJECT_CONVERSION = YES_AGGRESSIVE;
				CLANG_CXX_LANGUAGE_STANDARD = "gnu++14";
				CLANG_CXX_LIBRARY = "libc++";
				CLANG_ENABLE_MODULES = YES;
				CLANG_ENABLE_OBJC_ARC = YES;
				CLANG_ENABLE_OBJC_WEAK = YES;
				CLANG_WARN_BLOCK_CAPTURE_AUTORELEASING = YES;
				CLANG_WARN_BOOL_CONVERSION = YES;
				CLANG_WARN_COMMA = YES;
				CLANG_WARN_CONSTANT_CONVERSION = YES;
				CLANG_WARN_DEPRECATED_OBJC_IMPLEMENTATIONS = YES;
				CLANG_WARN_DIRECT_OBJC_ISA_USAGE = YES_ERROR;
				CLANG_WARN_DOCUMENTATION_COMMENTS = YES;
				CLANG_WARN_EMPTY_BODY = YES;
				CLANG_WARN_ENUM_CONVERSION = YES;
				CLANG_WARN_INFINITE_RECURSION = YES;
				CLANG_WARN_INT_CONVERSION = YES;
				CLANG_WARN_NON_LITERAL_NULL_CONVERSION = YES;
				CLANG_WARN_OBJC_IMPLICIT_RETAIN_SELF = YES;
				CLANG_WARN_OBJC_LITERAL_CONVERSION = YES;
				CLANG_WARN_OBJC_ROOT_CLASS = YES_ERROR;
				CLANG_WARN_RANGE_LOOP_ANALYSIS = YES;
				CLANG_WARN_STRICT_PROTOTYPES = YES;
				CLANG_WARN_SUSPICIOUS_MOVE = YES;
				CLANG_WARN_UNGUARDED_AVAILABILITY = YES_AGGRESSIVE;
				CLANG_WARN_UNREACHABLE_CODE = YES;
				CLANG_WARN__DUPLICATE_METHOD_MATCH = YES;
				CODE_SIGN_IDENTITY = "iPhone Developer";
				COPY_PHASE_STRIP = NO;
				DEBUG_INFORMATION_FORMAT = "dwarf-with-dsym";
				ENABLE_NS_ASSERTIONS = NO;
				ENABLE_STRICT_OBJC_MSGSEND = YES;
				GCC_C_LANGUAGE_STANDARD = gnu11;
				GCC_NO_COMMON_BLOCKS = YES;
				GCC_WARN_64_TO_32_BIT_CONVERSION = YES;
				GCC_WARN_ABOUT_RETURN_TYPE = YES_ERROR;
				GCC_WARN_UNDECLARED_SELECTOR = YES;
				GCC_WARN_UNINITIALIZED_AUTOS = YES_AGGRESSIVE;
				GCC_WARN_UNUSED_FUNCTION = YES;
				GCC_WARN_UNUSED_VARIABLE = YES;
				IPHONEOS_DEPLOYMENT_TARGET = 11.3;
				MTL_ENABLE_DEBUG_INFO = NO;
				SDKROOT = iphoneos;
				SWIFT_COMPILATION_MODE = wholemodule;
				SWIFT_OPTIMIZATION_LEVEL = "-O";
				VALIDATE_PRODUCT = YES;
			};
			name = Release;
		};
		40C013A320B848500057F256 /* Debug */ = {
			isa = XCBuildConfiguration;
			buildSettings = {
				ASSETCATALOG_COMPILER_APPICON_NAME = AppIcon;
				CODE_SIGN_STYLE = Automatic;
				DEVELOPMENT_TEAM = WKCP7ABWCG;
				INFOPLIST_FILE = "Place Search/Info.plist";
				LD_RUNPATH_SEARCH_PATHS = (
					"$(inherited)",
					"@executable_path/Frameworks",
				);
				PRODUCT_BUNDLE_IDENTIFIER = "sp.code.Place-Search";
				PRODUCT_NAME = "$(TARGET_NAME)";
				SWIFT_VERSION = 4.0;
				TARGETED_DEVICE_FAMILY = "1,2";
			};
			name = Debug;
		};
		40C013A420B848500057F256 /* Release */ = {
			isa = XCBuildConfiguration;
			buildSettings = {
				ASSETCATALOG_COMPILER_APPICON_NAME = AppIcon;
				CODE_SIGN_STYLE = Automatic;
				DEVELOPMENT_TEAM = WKCP7ABWCG;
				INFOPLIST_FILE = "Place Search/Info.plist";
				LD_RUNPATH_SEARCH_PATHS = (
					"$(inherited)",
					"@executable_path/Frameworks",
				);
				PRODUCT_BUNDLE_IDENTIFIER = "sp.code.Place-Search";
				PRODUCT_NAME = "$(TARGET_NAME)";
				SWIFT_VERSION = 4.0;
				TARGETED_DEVICE_FAMILY = "1,2";
			};
			name = Release;
		};
		40C013A620B848500057F256 /* Debug */ = {
			isa = XCBuildConfiguration;
			buildSettings = {
				ALWAYS_EMBED_SWIFT_STANDARD_LIBRARIES = YES;
				BUNDLE_LOADER = "$(TEST_HOST)";
				CODE_SIGN_STYLE = Automatic;
				DEVELOPMENT_TEAM = WKCP7ABWCG;
				INFOPLIST_FILE = "Place SearchTests/Info.plist";
				LD_RUNPATH_SEARCH_PATHS = (
					"$(inherited)",
					"@executable_path/Frameworks",
					"@loader_path/Frameworks",
				);
				PRODUCT_BUNDLE_IDENTIFIER = "sp.code.Place-SearchTests";
				PRODUCT_NAME = "$(TARGET_NAME)";
				SWIFT_VERSION = 4.0;
				TARGETED_DEVICE_FAMILY = "1,2";
				TEST_HOST = "$(BUILT_PRODUCTS_DIR)/Place Search.app/Place Search";
			};
			name = Debug;
		};
		40C013A720B848500057F256 /* Release */ = {
			isa = XCBuildConfiguration;
			buildSettings = {
				ALWAYS_EMBED_SWIFT_STANDARD_LIBRARIES = YES;
				BUNDLE_LOADER = "$(TEST_HOST)";
				CODE_SIGN_STYLE = Automatic;
				DEVELOPMENT_TEAM = WKCP7ABWCG;
				INFOPLIST_FILE = "Place SearchTests/Info.plist";
				LD_RUNPATH_SEARCH_PATHS = (
					"$(inherited)",
					"@executable_path/Frameworks",
					"@loader_path/Frameworks",
				);
				PRODUCT_BUNDLE_IDENTIFIER = "sp.code.Place-SearchTests";
				PRODUCT_NAME = "$(TARGET_NAME)";
				SWIFT_VERSION = 4.0;
				TARGETED_DEVICE_FAMILY = "1,2";
				TEST_HOST = "$(BUILT_PRODUCTS_DIR)/Place Search.app/Place Search";
			};
			name = Release;
		};
/* End XCBuildConfiguration section */

/* Begin XCConfigurationList section */
		40C0138020B8484B0057F256 /* Build configuration list for PBXProject "Place Search" */ = {
			isa = XCConfigurationList;
			buildConfigurations = (
				40C013A020B848500057F256 /* Debug */,
				40C013A120B848500057F256 /* Release */,
			);
			defaultConfigurationIsVisible = 0;
			defaultConfigurationName = Release;
		};
		40C013A220B848500057F256 /* Build configuration list for PBXNativeTarget "Place Search" */ = {
			isa = XCConfigurationList;
			buildConfigurations = (
				40C013A320B848500057F256 /* Debug */,
				40C013A420B848500057F256 /* Release */,
			);
			defaultConfigurationIsVisible = 0;
			defaultConfigurationName = Release;
		};
		40C013A520B848500057F256 /* Build configuration list for PBXNativeTarget "Place SearchTests" */ = {
			isa = XCConfigurationList;
			buildConfigurations = (
				40C013A620B848500057F256 /* Debug */,
				40C013A720B848500057F256 /* Release */,
			);
			defaultConfigurationIsVisible = 0;
			defaultConfigurationName = Release;
		};
/* End XCConfigurationList section */
	};
	rootObject = 40C0137D20B8484B0057F256 /* Project object */;
}
